
Microsoft Visual Studio Solution File, Format Version 12.00
# Visual Studio Version 17
VisualStudioVersion = 17.13.35913.81 d17.13
MinimumVisualStudioVersion = 10.0.40219.1
Project("{FAE04EC0-301F-11D3-BF4B-00C04F79EFBC}") = "FinalGatePayNavieras", "FinalGatePayNavieras\FinalGatePayNavieras.csproj", "{6683C17C-0774-454C-AD44-7B22E020323A}"
EndProject
Global
	GlobalSection(SolutionConfigurationPlatforms) = preSolution
		Debug|Any CPU = Debug|Any CPU
		Release|Any CPU = Release|Any CPU
	EndGlobalSection
	GlobalSection(ProjectConfigurationPlatforms) = postSolution
		{6683C17C-0774-454C-AD44-7B22E020323A}.Debug|Any CPU.ActiveCfg = Debug|Any CPU
		{6683C17C-0774-454C-AD44-7B22E020323A}.Debug|Any CPU.Build.0 = Debug|Any CPU
		{6683C17C-0774-454C-AD44-7B22E020323A}.Release|Any CPU.ActiveCfg = Release|Any CPU
		{6683C17C-0774-454C-AD44-7B22E020323A}.Release|Any CPU.Build.0 = Release|Any CPU
	EndGlobalSection
	GlobalSection(SolutionProperties) = preSolution
		HideSolutionNode = FALSE
	EndGlobalSection
	GlobalSection(ExtensibilityGlobals) = postSolution
		SolutionGuid = {FC8EF368-8A9B-4B50-BFB1-2C6E11D10DCD}
	EndGlobalSection
EndGlobal
